dependencies:
- name: encaps-layer
  repository: file://../encaps-layer
  version: 2.0.0
- name: sql-gateway
  repository: file://../sql-gateway
  version: 2.0.0
- name: catalog
  repository: file://../catalog
  version: 2.0.0
- name: rule-engine
  repository: file://../rule-engine
  version: 2.0.0
- name: governance
  repository: file://../governance
  version: 2.0.0
- name: metadata-collector
  repository: file://../metadata-collector
  version: 2.0.0
- name: lineage-analyzer
  repository: file://../lineage-analyzer
  version: 2.0.0
- name: data-quality
  repository: file://../data-quality
  version: 2.0.0
- name: asset-catalog
  repository: file://../asset-catalog
  version: 2.0.0
- name: ai-assistant
  repository: file://../ai-assistant
  version: 2.0.0
- name: knowledge-engine
  repository: file://../knowledge-engine
  version: 2.0.0
- name: llm-gateway
  repository: file://../llm-gateway
  version: 2.0.0
- name: llmops
  repository: file://../llmops
  version: 2.0.0
- name: ml-platform
  repository: file://../ml-platform
  version: 2.0.0
- name: nl2sql
  repository: file://../nl2sql
  version: 2.0.0
- name: tag-engine
  repository: file://../tag-engine
  version: 2.0.0
- name: vector-engine
  repository: file://../vector-engine
  version: 2.0.0
- name: spark
  repository: file://../spark
  version: 2.0.0
- name: flink
  repository: file://../flink
  version: 2.0.0
- name: trino
  repository: file://../trino
  version: 2.0.0
- name: doris
  repository: file://../doris
  version: 2.0.0
- name: kafka
  repository: file://../kafka
  version: 2.0.0
- name: zookeeper
  repository: file://../zookeeper
  version: 2.0.0
- name: hive-metastore
  repository: file://../hive-metastore
  version: 2.0.0
- name: iceberg-rest
  repository: file://../iceberg-rest
  version: 2.0.0
- name: seatunnel
  repository: file://../seatunnel
  version: 2.0.0
- name: flink-cdc
  repository: file://../flink-cdc
  version: 2.0.0
- name: iotdb
  repository: file://../iotdb
  version: 2.0.0
- name: elasticsearch
  repository: file://../elasticsearch
  version: 2.0.0
- name: redis
  repository: file://../redis
  version: 2.0.0
- name: postgresql
  repository: file://../postgresql
  version: 2.0.0
- name: minio
  repository: file://../minio
  version: 2.0.0
- name: nebula-graph
  repository: file://../nebula-graph
  version: 2.0.0
- name: milvus
  repository: file://../milvus
  version: 2.0.0
- name: airflow
  repository: file://../airflow
  version: 2.0.0
- name: dolphinscheduler
  repository: file://../dolphinscheduler
  version: 2.0.0
- name: stream-batch-scheduler
  repository: file://../stream-batch-scheduler
  version: 2.0.0
- name: superset
  repository: file://../superset
  version: 2.0.0
- name: grafana
  repository: file://../grafana
  version: 2.0.0
- name: prometheus
  repository: file://../prometheus
  version: 2.0.0
- name: loki
  repository: file://../loki
  version: 2.0.0
- name: tempo
  repository: file://../tempo
  version: 2.0.0
- name: observability
  repository: file://../observability
  version: 2.0.0
- name: ske-infra
  repository: file://../ske-infra
  version: 2.0.0
- name: cni-cilium
  repository: file://../cni-cilium
  version: 2.0.0
- name: csi-juicefs
  repository: file://../csi-juicefs
  version: 2.0.0
- name: csi-ceph
  repository: file://../csi-ceph
  version: 2.0.0
- name: metallb
  repository: file://../metallb
  version: 2.0.0
- name: ingress-nginx
  repository: file://../ingress-nginx
  version: 2.0.0
- name: apisix
  repository: file://../apisix
  version: 2.0.0
- name: cert-manager
  repository: file://../cert-manager
  version: 2.0.0
- name: external-secrets
  repository: file://../external-secrets
  version: 2.0.0
- name: cluster-autoscaler
  repository: file://../cluster-autoscaler
  version: 2.0.0
- name: keda
  repository: file://../keda
  version: 2.0.0
- name: descheduler
  repository: file://../descheduler
  version: 2.0.0
- name: node-problem-detector
  repository: file://../node-problem-detector
  version: 2.0.0
- name: metrics-server
  repository: file://../metrics-server
  version: 2.0.0
- name: velero
  repository: file://../velero
  version: 2.0.0
- name: karmada
  repository: file://../karmada
  version: 2.0.0
- name: knative-serving
  repository: file://../knative-serving
  version: 2.0.0
- name: argo-rollouts
  repository: file://../argo-rollouts
  version: 1.0.0
- name: reloader
  repository: file://../reloader
  version: 2.0.0
- name: jupyter
  repository: file://../jupyter
  version: 2.0.0
- name: vscode-server
  repository: file://../vscode-server
  version: 2.0.0
- name: theia
  repository: file://../theia
  version: 2.0.0
- name: mlflow
  repository: file://../mlflow
  version: 2.0.0
- name: model-finetuning
  repository: file://../model-finetuning
  version: 2.0.0
- name: chunker
  repository: file://../chunker
  version: 2.0.0
- name: business-portal
  repository: file://../business-portal
  version: 2.0.0
- name: asset-exchange
  repository: file://../asset-exchange
  version: 2.0.0
- name: finance-template
  repository: file://../finance-template
  version: 2.0.0
- name: industry-templates
  repository: file://../industry-templates
  version: 2.0.0
- name: finops
  repository: file://../finops
  version: 2.0.0
- name: open-api-catalog
  repository: file://../open-api-catalog
  version: 2.0.0
- name: registry
  repository: file://../registry
  version: 2.0.0
- name: storage-io
  repository: file://../storage-io
  version: 2.0.0
- name: infra-orchestrator
  repository: file://../infra-orchestrator
  version: 2.0.0
- name: infra-provider-baremetal
  repository: file://../infra-provider-baremetal
  version: 2.0.0
- name: infra-provider-cloud
  repository: file://../infra-provider-cloud
  version: 2.0.0
- name: infra-provider-private
  repository: file://../infra-provider-private
  version: 2.0.0
- name: infra-provider-xinchang
  repository: file://../infra-provider-xinchang
  version: 2.0.0
- name: dqctl
  repository: file://../dqctl
  version: 2.0.0
- name: keycloak
  repository: file://../keycloak
  version: 2.0.0
digest: sha256:ce8f3d4942a47f0b35e84c422120690b881efb7a8095e5a040dcc8ac4af45aa7
generated: "2026-08-26T03:07:10.292238081+08:00"
